
Microsoft Visual Studio Solution File, Format Version 12.00
# Visual Studio Version 16
VisualStudioVersion = 16.0.31025.194
MinimumVisualStudioVersion = 10.0.40219.1
Project("{9A19103F-16F7-4668-BE54-9A1E7A4F7556}") = "HouseRentingSystem", "HouseRentingSystem\HouseRentingSystem.csproj", "{9C6FC13F-E3CE-462C-B9D9-D89E7DB5F6E5}"
EndProject
Global
	GlobalSection(SolutionConfigurationPlatforms) = preSolution
		Debug|Any CPU = Debug|Any CPU
		Release|Any CPU = Release|Any CPU
	EndGlobalSection
	GlobalSection(ProjectConfigurationPlatforms) = postSolution
		{9C6FC13F-E3CE-462C-B9D9-D89E7DB5F6E5}.Debug|Any CPU.ActiveCfg = Debug|Any CPU
		{9C6FC13F-E3CE-462C-B9D9-D89E7DB5F6E5}.Debug|Any CPU.Build.0 = Debug|Any CPU
		{9C6FC13F-E3CE-462C-B9D9-D89E7DB5F6E5}.Release|Any CPU.ActiveCfg = Release|Any CPU
		{9C6FC13F-E3CE-462C-B9D9-D89E7DB5F6E5}.Release|Any CPU.Build.0 = Release|Any CPU
	EndGlobalSection
	GlobalSection(SolutionProperties) = preSolution
		HideSolutionNode = FALSE
	EndGlobalSection
	GlobalSection(ExtensibilityGlobals) = postSolution
		SolutionGuid = {98DD284D-129B-45B9-BDD9-7509D41AF8C8}
	EndGlobalSection
EndGlobal
